
Microsoft Visual Studio Solution File, Format Version 12.00
# Visual Studio Version 17
VisualStudioVersion = 17.0.31903.59
MinimumVisualStudioVersion = 10.0.40219.1
Project("{FAE04EC0-301F-11D3-BF4B-00C04F79EFBC}") = "CartonCaps.WebAPI", "src\CartonCaps.WebAPI\CartonCaps.WebAPI.csproj", "{D54D5B97-14F8-44FF-84D1-79DB412E6864}"
EndProject
Project("{FAE04EC0-301F-11D3-BF4B-00C04F79EFBC}") = "CartonCaps.Application", "src\CartonCaps.Application\CartonCaps.Application.csproj", "{9346DBB1-BB49-428D-BF38-146BC1EA5233}"
EndProject
Project("{FAE04EC0-301F-11D3-BF4B-00C04F79EFBC}") = "CartonCaps.Domain", "src\CartonCaps.Domain\CartonCaps.Domain.csproj", "{CCCCD98A-F684-4315-9270-D73077F4150B}"
EndProject
Project("{FAE04EC0-301F-11D3-BF4B-00C04F79EFBC}") = "CartonCaps.Infrastructure", "src\CartonCaps.Infrastructure\CartonCaps.Infrastructure.csproj", "{01D0EE08-C87A-4D50-AE5F-2221CDC36127}"
EndProject
Project("{FAE04EC0-301F-11D3-BF4B-00C04F79EFBC}") = "CartonCaps.Tests", "tests\CartonCaps.Tests.csproj", "{C6802095-3651-4BF7-AFAF-D66777A8B474}"
EndProject
Global
	GlobalSection(SolutionConfigurationPlatforms) = preSolution
		Debug|Any CPU = Debug|Any CPU
		Debug|x64 = Debug|x64
		Debug|x86 = Debug|x86
		Release|Any CPU = Release|Any CPU
		Release|x64 = Release|x64
		Release|x86 = Release|x86
	EndGlobalSection
	GlobalSection(ProjectConfigurationPlatforms) = postSolution
		{D54D5B97-14F8-44FF-84D1-79DB412E6864}.Debug|Any CPU.ActiveCfg = Debug|Any CPU
		{D54D5B97-14F8-44FF-84D1-79DB412E6864}.Debug|Any CPU.Build.0 = Debug|Any CPU
		{D54D5B97-14F8-44FF-84D1-79DB412E6864}.Debug|x64.ActiveCfg = Debug|Any CPU
		{D54D5B97-14F8-44FF-84D1-79DB412E6864}.Debug|x64.Build.0 = Debug|Any CPU
		{D54D5B97-14F8-44FF-84D1-79DB412E6864}.Debug|x86.ActiveCfg = Debug|Any CPU
		{D54D5B97-14F8-44FF-84D1-79DB412E6864}.Debug|x86.Build.0 = Debug|Any CPU
		{D54D5B97-14F8-44FF-84D1-79DB412E6864}.Release|Any CPU.ActiveCfg = Release|Any CPU
		{D54D5B97-14F8-44FF-84D1-79DB412E6864}.Release|Any CPU.Build.0 = Release|Any CPU
		{D54D5B97-14F8-44FF-84D1-79DB412E6864}.Release|x64.ActiveCfg = Release|Any CPU
		{D54D5B97-14F8-44FF-84D1-79DB412E6864}.Release|x64.Build.0 = Release|Any CPU
		{D54D5B97-14F8-44FF-84D1-79DB412E6864}.Release|x86.ActiveCfg = Release|Any CPU
		{D54D5B97-14F8-44FF-84D1-79DB412E6864}.Release|x86.Build.0 = Release|Any CPU
		{9346DBB1-BB49-428D-BF38-146BC1EA5233}.Debug|Any CPU.ActiveCfg = Debug|Any CPU
		{9346DBB1-BB49-428D-BF38-146BC1EA5233}.Debug|Any CPU.Build.0 = Debug|Any CPU
		{9346DBB1-BB49-428D-BF38-146BC1EA5233}.Debug|x64.ActiveCfg = Debug|Any CPU
		{9346DBB1-BB49-428D-BF38-146BC1EA5233}.Debug|x64.Build.0 = Debug|Any CPU
		{9346DBB1-BB49-428D-BF38-146BC1EA5233}.Debug|x86.ActiveCfg = Debug|Any CPU
		{9346DBB1-BB49-428D-BF38-146BC1EA5233}.Debug|x86.Build.0 = Debug|Any CPU
		{9346DBB1-BB49-428D-BF38-146BC1EA5233}.Release|Any CPU.ActiveCfg = Release|Any CPU
		{9346DBB1-BB49-428D-BF38-146BC1EA5233}.Release|Any CPU.Build.0 = Release|Any CPU
		{9346DBB1-BB49-428D-BF38-146BC1EA5233}.Release|x64.ActiveCfg = Release|Any CPU
		{9346DBB1-BB49-428D-BF38-146BC1EA5233}.Release|x64.Build.0 = Release|Any CPU
		{9346DBB1-BB49-428D-BF38-146BC1EA5233}.Release|x86.ActiveCfg = Release|Any CPU
		{9346DBB1-BB49-428D-BF38-146BC1EA5233}.Release|x86.Build.0 = Release|Any CPU
		{ED25AE8A-02D5-445E-ACDF-F3510A849863}.Debug|Any CPU.ActiveCfg = Debug|Any CPU
		{ED25AE8A-02D5-445E-ACDF-F3510A849863}.Debug|Any CPU.Build.0 = Debug|Any CPU
		{ED25AE8A-02D5-445E-ACDF-F3510A849863}.Debug|x64.ActiveCfg = Debug|Any CPU
		{ED25AE8A-02D5-445E-ACDF-F3510A849863}.Debug|x64.Build.0 = Debug|Any CPU
		{ED25AE8A-02D5-445E-ACDF-F3510A849863}.Debug|x86.ActiveCfg = Debug|Any CPU
		{ED25AE8A-02D5-445E-ACDF-F3510A849863}.Debug|x86.Build.0 = Debug|Any CPU
		{ED25AE8A-02D5-445E-ACDF-F3510A849863}.Release|Any CPU.ActiveCfg = Release|Any CPU
		{ED25AE8A-02D5-445E-ACDF-F3510A849863}.Release|Any CPU.Build.0 = Release|Any CPU
		{ED25AE8A-02D5-445E-ACDF-F3510A849863}.Release|x64.ActiveCfg = Release|Any CPU
		{ED25AE8A-02D5-445E-ACDF-F3510A849863}.Release|x64.Build.0 = Release|Any CPU
		{ED25AE8A-02D5-445E-ACDF-F3510A849863}.Release|x86.ActiveCfg = Release|Any CPU
		{ED25AE8A-02D5-445E-ACDF-F3510A849863}.Release|x86.Build.0 = Release|Any CPU
		{CCCCD98A-F684-4315-9270-D73077F4150B}.Debug|Any CPU.ActiveCfg = Debug|Any CPU
		{CCCCD98A-F684-4315-9270-D73077F4150B}.Debug|Any CPU.Build.0 = Debug|Any CPU
		{CCCCD98A-F684-4315-9270-D73077F4150B}.Debug|x64.ActiveCfg = Debug|Any CPU
		{CCCCD98A-F684-4315-9270-D73077F4150B}.Debug|x64.Build.0 = Debug|Any CPU
		{CCCCD98A-F684-4315-9270-D73077F4150B}.Debug|x86.ActiveCfg = Debug|Any CPU
		{CCCCD98A-F684-4315-9270-D73077F4150B}.Debug|x86.Build.0 = Debug|Any CPU
		{CCCCD98A-F684-4315-9270-D73077F4150B}.Release|Any CPU.ActiveCfg = Release|Any CPU
		{CCCCD98A-F684-4315-9270-D73077F4150B}.Release|Any CPU.Build.0 = Release|Any CPU
		{CCCCD98A-F684-4315-9270-D73077F4150B}.Release|x64.ActiveCfg = Release|Any CPU
		{CCCCD98A-F684-4315-9270-D73077F4150B}.Release|x64.Build.0 = Release|Any CPU
		{CCCCD98A-F684-4315-9270-D73077F4150B}.Release|x86.ActiveCfg = Release|Any CPU
		{CCCCD98A-F684-4315-9270-D73077F4150B}.Release|x86.Build.0 = Release|Any CPU
		{01D0EE08-C87A-4D50-AE5F-2221CDC36127}.Debug|Any CPU.ActiveCfg = Debug|Any CPU
		{01D0EE08-C87A-4D50-AE5F-2221CDC36127}.Debug|Any CPU.Build.0 = Debug|Any CPU
		{01D0EE08-C87A-4D50-AE5F-2221CDC36127}.Debug|x64.ActiveCfg = Debug|Any CPU
		{01D0EE08-C87A-4D50-AE5F-2221CDC36127}.Debug|x64.Build.0 = Debug|Any CPU
		{01D0EE08-C87A-4D50-AE5F-2221CDC36127}.Debug|x86.ActiveCfg = Debug|Any CPU
		{01D0EE08-C87A-4D50-AE5F-2221CDC36127}.Debug|x86.Build.0 = Debug|Any CPU
		{01D0EE08-C87A-4D50-AE5F-2221CDC36127}.Release|Any CPU.ActiveCfg = Release|Any CPU
		{01D0EE08-C87A-4D50-AE5F-2221CDC36127}.Release|Any CPU.Build.0 = Release|Any CPU
		{01D0EE08-C87A-4D50-AE5F-2221CDC36127}.Release|x64.ActiveCfg = Release|Any CPU
		{01D0EE08-C87A-4D50-AE5F-2221CDC36127}.Release|x64.Build.0 = Release|Any CPU
		{01D0EE08-C87A-4D50-AE5F-2221CDC36127}.Release|x86.ActiveCfg = Release|Any CPU
		{01D0EE08-C87A-4D50-AE5F-2221CDC36127}.Release|x86.Build.0 = Release|Any CPU
		{C6802095-3651-4BF7-AFAF-D66777A8B474}.Debug|Any CPU.ActiveCfg = Debug|Any CPU
		{C6802095-3651-4BF7-AFAF-D66777A8B474}.Debug|Any CPU.Build.0 = Debug|Any CPU
		{C6802095-3651-4BF7-AFAF-D66777A8B474}.Debug|x64.ActiveCfg = Debug|Any CPU
		{C6802095-3651-4BF7-AFAF-D66777A8B474}.Debug|x64.Build.0 = Debug|Any CPU
		{C6802095-3651-4BF7-AFAF-D66777A8B474}.Debug|x86.ActiveCfg = Debug|Any CPU
		{C6802095-3651-4BF7-AFAF-D66777A8B474}.Debug|x86.Build.0 = Debug|Any CPU
		{C6802095-3651-4BF7-AFAF-D66777A8B474}.Release|Any CPU.ActiveCfg = Release|Any CPU
		{C6802095-3651-4BF7-AFAF-D66777A8B474}.Release|Any CPU.Build.0 = Release|Any CPU
		{C6802095-3651-4BF7-AFAF-D66777A8B474}.Release|x64.ActiveCfg = Release|Any CPU
		{C6802095-3651-4BF7-AFAF-D66777A8B474}.Release|x64.Build.0 = Release|Any CPU
		{C6802095-3651-4BF7-AFAF-D66777A8B474}.Release|x86.ActiveCfg = Release|Any CPU
		{C6802095-3651-4BF7-AFAF-D66777A8B474}.Release|x86.Build.0 = Release|Any CPU
	EndGlobalSection
	GlobalSection(SolutionProperties) = preSolution
		HideSolutionNode = FALSE
	EndGlobalSection
EndGlobal
